{
  "originHash" : "911e64a63d15997bda070c4954fb3ae55ee029539e1ad939a7430f9923b06d13",
  "pins" : [
    {
      "identity" : "ffmpegkit",
      "kind" : "remoteSourceControl",
      "location" : "https://github.com/kingslay/FFmpegKit.git",
      "state" : {
        "revision" : "85b77c589de0360c111de16752db86b60496d70b",
        "version" : "6.1.3"
      }
    },
    {
      "identity" : "ksplayer",
      "kind" : "remoteSourceControl",
      "location" : "https://github.com/kingslay/KSPlayer.git",
      "state" : {
        "revision" : "10a40a1c0001d75307ad5922d1d1bc0cb01c89b4"
      }
    }
  ],
  "version" : 3
}
